# This file is autogenerated, do not edit; changes may be undone by the next 'dep ensure'.


[[projects]]
  branch = "master"
  name = "github.com/golang/glog"
  packages = ["."]
  revision = "23def4e6c14b4da8ac2ed8007337bc5eb5007998"

[[projects]]
  branch = "master"
  name = "golang.org/x/net"
  packages = [
    "internal/socks",
    "proxy"
  ]
  revision = "640f4622ab692b87c2f3a94265e6f579fe38263d"

[solve-meta]
  analyzer-name = "dep"
  analyzer-version = 1
  inputs-digest = "139f73090e89b55d77725778f4e8778fecda9c24d14ee11422b7cf320da2b52e"
  solver-name = "gps-cdcl"
  solver-version = 1
